
Microsoft Visual Studio Solution File, Format Version 12.00
Project("{FAE04EC0-301F-11D3-BF4B-00C04F79EFBC}") = "SpecFlowTests", "SpecFlowTests\SpecFlowTests.csproj", "{DB5A0E9A-2C49-46F3-AC5F-F56F83AA5FC5}"
EndProject
Global
	GlobalSection(SolutionConfigurationPlatforms) = preSolution
		Debug|Any CPU = Debug|Any CPU
		Release|Any CPU = Release|Any CPU
	EndGlobalSection
	GlobalSection(ProjectConfigurationPlatforms) = postSolution
		{DB5A0E9A-2C49-46F3-AC5F-F56F83AA5FC5}.Debug|Any CPU.ActiveCfg = Debug|Any CPU
		{DB5A0E9A-2C49-46F3-AC5F-F56F83AA5FC5}.Debug|Any CPU.Build.0 = Debug|Any CPU
		{DB5A0E9A-2C49-46F3-AC5F-F56F83AA5FC5}.Release|Any CPU.ActiveCfg = Release|Any CPU
		{DB5A0E9A-2C49-46F3-AC5F-F56F83AA5FC5}.Release|Any CPU.Build.0 = Release|Any CPU
	EndGlobalSection
EndGlobal
